// !$*UTF8*$!
{
	archiveVersion = 1;
	classes = {
	};
	objectVersion = 51;
	objects = {

/* Begin PBXBuildFile section */
		2CA04C0519882ABACCD6DCA6 /* Pods_NoCoWIN.framework in Frameworks */ = {isa = PBXBuildFile; fileRef = 74A25E0A8318285175C23FF9 /* Pods_NoCoWIN.framework */; };
		B926B65726598EEE0069B323 /* Token.swift in Sources */ = {isa = PBXBuildFile; fileRef = B926B65626598EEE0069B323 /* Token.swift */; };
		B926B65B265996C70069B323 /* Launch Screen.storyboard in Resources */ = {isa = PBXBuildFile; fileRef = B926B65A265996C70069B323 /* Launch Screen.storyboard */; };
		B926B65D265A2AEE0069B323 /* Center.swift in Sources */ = {isa = PBXBuildFile; fileRef = B926B65C265A2AEE0069B323 /* Center.swift */; };
		B926B65F265A2B190069B323 /* Session.swift in Sources */ = {isa = PBXBuildFile; fileRef = B926B65E265A2B190069B323 /* Session.swift */; };
		B926B663265A3CDB0069B323 /* AppointmentsViewController.swift in Sources */ = {isa = PBXBuildFile; fileRef = B926B662265A3CDB0069B323 /* AppointmentsViewController.swift */; };
		B926B669265A84430069B323 /* Districts.swift in Sources */ = {isa = PBXBuildFile; fileRef = B926B668265A84430069B323 /* Districts.swift */; };
		B926B66B265A87250069B323 /* AppointmentFilter.swift in Sources */ = {isa = PBXBuildFile; fileRef = B926B66A265A87250069B323 /* AppointmentFilter.swift */; };
		B926B66D265A8DE20069B323 /* Dosage.swift in Sources */ = {isa = PBXBuildFile; fileRef = B926B66C265A8DE20069B323 /* Dosage.swift */; };
		B926B66F265A8E880069B323 /* AgeLimit.swift in Sources */ = {isa = PBXBuildFile; fileRef = B926B66E265A8E880069B323 /* AgeLimit.swift */; };
		B976F98526519895002904FD /* AppDelegate.swift in Sources */ = {isa = PBXBuildFile; fileRef = B976F98426519895002904FD /* AppDelegate.swift */; };
		B976F98D26519C0C002904FD /* Main.storyboard in Resources */ = {isa = PBXBuildFile; fileRef = B976F98C26519C0C002904FD /* Main.storyboard */; };
		B976F98F26519F1F002904FD /* ViewCotroller.swift in Sources */ = {isa = PBXBuildFile; fileRef = B976F98E26519F1F002904FD /* ViewCotroller.swift */; };
		B976F99126525B86002904FD /* Utils.swift in Sources */ = {isa = PBXBuildFile; fileRef = B976F99026525B86002904FD /* Utils.swift */; };
		B98FB0DC265D69790079CC6B /* UserDefaultService.swift in Sources */ = {isa = PBXBuildFile; fileRef = B98FB0DB265D69790079CC6B /* UserDefaultService.swift */; };
		B98FB0DE265D6DB90079CC6B /* AppointmentService.swift in Sources */ = {isa = PBXBuildFile; fileRef = B98FB0DD265D6DB90079CC6B /* AppointmentService.swift */; };
		B98FB0E1265D6F310079CC6B /* AppointmentProcessor.swift in Sources */ = {isa = PBXBuildFile; fileRef = B98FB0E0265D6F310079CC6B /* AppointmentProcessor.swift */; };
		B98FB0E3265D7F7A0079CC6B /* UDAppointmentFilter.swift in Sources */ = {isa = PBXBuildFile; fileRef = B98FB0E2265D7F7A0079CC6B /* UDAppointmentFilter.swift */; };
		B9A55CAE2653A1DF002B806A /* Actions.swift in Sources */ = {isa = PBXBuildFile; fileRef = B9A55CAD2653A1DF002B806A /* Actions.swift */; };
		B9ECCAA426518F7D00BCFECE /* Assets.xcassets in Resources */ = {isa = PBXBuildFile; fileRef = B9ECCAA326518F7D00BCFECE /* Assets.xcassets */; };
		B9ECCAAF26518FE600BCFECE /* NetworkHelper.swift in Sources */ = {isa = PBXBuildFile; fileRef = B9ECCAAE26518FE600BCFECE /* NetworkHelper.swift */; };
		B9ECCAB12651905100BCFECE /* URLHelper.swift in Sources */ = {isa = PBXBuildFile; fileRef = B9ECCAB02651905100BCFECE /* URLHelper.swift */; };
/* End PBXBuildFile section */

/* Begin PBXFileReference section */
		74A25E0A8318285175C23FF9 /* Pods_NoCoWIN.framework */ = {isa = PBXFileReference; explicitFileType = wrapper.framework; includeInIndex = 0; path = Pods_NoCoWIN.framework; sourceTree = BUILT_PRODUCTS_DIR; };
		A58E2C462521DD8766DC95D3 /* Pods-NoCoWIN.release.xcconfig */ = {isa = PBXFileReference; includeInIndex = 1; lastKnownFileType = text.xcconfig; name = "Pods-NoCoWIN.release.xcconfig"; path = "Target Support Files/Pods-NoCoWIN/Pods-NoCoWIN.release.xcconfig"; sourceTree = "<group>"; };
		B926B65626598EEE0069B323 /* Token.swift */ = {isa = PBXFileReference; lastKnownFileType = sourcecode.swift; path = Token.swift; sourceTree = "<group>"; };
		B926B65A265996C70069B323 /* Launch Screen.storyboard */ = {isa = PBXFileReference; lastKnownFileType = file.storyboard; path = "Launch Screen.storyboard"; sourceTree = "<group>"; };
		B926B65C265A2AEE0069B323 /* Center.swift */ = {isa = PBXFileReference; lastKnownFileType = sourcecode.swift; path = Center.swift; sourceTree = "<group>"; };
		B926B65E265A2B190069B323 /* Session.swift */ = {isa = PBXFileReference; lastKnownFileType = sourcecode.swift; path = Session.swift; sourceTree = "<group>"; };
		B926B662265A3CDB0069B323 /* AppointmentsViewController.swift */ = {isa = PBXFileReference; lastKnownFileType = sourcecode.swift; path = AppointmentsViewController.swift; sourceTree = "<group>"; };
		B926B668265A84430069B323 /* Districts.swift */ = {isa = PBXFileReference; lastKnownFileType = sourcecode.swift; path = Districts.swift; sourceTree = "<group>"; };
		B926B66A265A87250069B323 /* AppointmentFilter.swift */ = {isa = PBXFileReference; lastKnownFileType = sourcecode.swift; path = AppointmentFilter.swift; sourceTree = "<group>"; };
		B926B66C265A8DE20069B323 /* Dosage.swift */ = {isa = PBXFileReference; lastKnownFileType = sourcecode.swift; path = Dosage.swift; sourceTree = "<group>"; };
		B926B66E265A8E880069B323 /* AgeLimit.swift */ = {isa = PBXFileReference; lastKnownFileType = sourcecode.swift; path = AgeLimit.swift; sourceTree = "<group>"; };
		B976F98426519895002904FD /* AppDelegate.swift */ = {isa = PBXFileReference; fileEncoding = 4; lastKnownFileType = sourcecode.swift; path = AppDelegate.swift; sourceTree = "<group>"; };
		B976F98826519B3F002904FD /* Alamofire.framework */ = {isa = PBXFileReference; explicitFileType = wrapper.framework; path = Alamofire.framework; sourceTree = BUILT_PRODUCTS_DIR; };
		B976F98C26519C0C002904FD /* Main.storyboard */ = {isa = PBXFileReference; lastKnownFileType = file.storyboard; path = Main.storyboard; sourceTree = "<group>"; };
		B976F98E26519F1F002904FD /* ViewCotroller.swift */ = {isa = PBXFileReference; lastKnownFileType = sourcecode.swift; path = ViewCotroller.swift; sourceTree = "<group>"; };
		B976F99026525B86002904FD /* Utils.swift */ = {isa = PBXFileReference; lastKnownFileType = sourcecode.swift; path = Utils.swift; sourceTree = "<group>"; };
		B98FB0DB265D69790079CC6B /* UserDefaultService.swift */ = {isa = PBXFileReference; lastKnownFileType = sourcecode.swift; path = UserDefaultService.swift; sourceTree = "<group>"; };
		B98FB0DD265D6DB90079CC6B /* AppointmentService.swift */ = {isa = PBXFileReference; lastKnownFileType = sourcecode.swift; path = AppointmentService.swift; sourceTree = "<group>"; };
		B98FB0E0265D6F310079CC6B /* AppointmentProcessor.swift */ = {isa = PBXFileReference; lastKnownFileType = sourcecode.swift; path = AppointmentProcessor.swift; sourceTree = "<group>"; };
		B98FB0E2265D7F7A0079CC6B /* UDAppointmentFilter.swift */ = {isa = PBXFileReference; lastKnownFileType = sourcecode.swift; path = UDAppointmentFilter.swift; sourceTree = "<group>"; };
		B9A55CAD2653A1DF002B806A /* Actions.swift */ = {isa = PBXFileReference; lastKnownFileType = sourcecode.swift; path = Actions.swift; sourceTree = "<group>"; };
		B9ECCA9C26518F7B00BCFECE /* NoCoWIN.app */ = {isa = PBXFileReference; explicitFileType = wrapper.application; includeInIndex = 0; path = NoCoWIN.app; sourceTree = BUILT_PRODUCTS_DIR; };
		B9ECCAA326518F7D00BCFECE /* Assets.xcassets */ = {isa = PBXFileReference; lastKnownFileType = folder.assetcatalog; path = Assets.xcassets; sourceTree = "<group>"; };
		B9ECCAA826518F7D00BCFECE /* Info.plist */ = {isa = PBXFileReference; lastKnownFileType = text.plist.xml; path = Info.plist; sourceTree = "<group>"; };
		B9ECCAAE26518FE600BCFECE /* NetworkHelper.swift */ = {isa = PBXFileReference; lastKnownFileType = sourcecode.swift; path = NetworkHelper.swift; sourceTree = "<group>"; };
		B9ECCAB02651905100BCFECE /* URLHelper.swift */ = {isa = PBXFileReference; lastKnownFileType = sourcecode.swift; path = URLHelper.swift; sourceTree = "<group>"; };
		C6659A16A884EBE4258A18FB /* Pods-NoCoWIN.debug.xcconfig */ = {isa = PBXFileReference; includeInIndex = 1; lastKnownFileType = text.xcconfig; name = "Pods-NoCoWIN.debug.xcconfig"; path = "Target Support Files/Pods-NoCoWIN/Pods-NoCoWIN.debug.xcconfig"; sourceTree = "<group>"; };
/* End PBXFileReference section */

/* Begin PBXFrameworksBuildPhase section */
		B9ECCA9926518F7B00BCFECE /* Frameworks */ = {
			isa = PBXFrameworksBuildPhase;
			buildActionMask = 2147483647;
			files = (
				2CA04C0519882ABACCD6DCA6 /* Pods_NoCoWIN.framework in Frameworks */,
			);
			runOnlyForDeploymentPostprocessing = 0;
		};
/* End PBXFrameworksBuildPhase section */

/* Begin PBXGroup section */
		7A811F3FB5B8A21480AE3AE4 /* Frameworks */ = {
			isa = PBXGroup;
			children = (
				B976F98826519B3F002904FD /* Alamofire.framework */,
				74A25E0A8318285175C23FF9 /* Pods_NoCoWIN.framework */,
			);
			name = Frameworks;
			sourceTree = "<group>";
		};
		912C9A0352D4F43AC30050DE /* Pods */ = {
			isa = PBXGroup;
			children = (
				C6659A16A884EBE4258A18FB /* Pods-NoCoWIN.debug.xcconfig */,
				A58E2C462521DD8766DC95D3 /* Pods-NoCoWIN.release.xcconfig */,
			);
			path = Pods;
			sourceTree = "<group>";
		};
		B926B65526598E8D0069B323 /* Model */ = {
			isa = PBXGroup;
			children = (
				B926B65626598EEE0069B323 /* Token.swift */,
				B926B65C265A2AEE0069B323 /* Center.swift */,
				B926B65E265A2B190069B323 /* Session.swift */,
				B926B66A265A87250069B323 /* AppointmentFilter.swift */,
				B98FB0E2265D7F7A0079CC6B /* UDAppointmentFilter.swift */,
			);
			path = Model;
			sourceTree = "<group>";
		};
		B926B664265A83E00069B323 /* Network */ = {
			isa = PBXGroup;
			children = (
				B9ECCAAE26518FE600BCFECE /* NetworkHelper.swift */,
				B9ECCAB02651905100BCFECE /* URLHelper.swift */,
			);
			path = Network;
			sourceTree = "<group>";
		};
		B926B665265A83EF0069B323 /* View */ = {
			isa = PBXGroup;
			children = (
				B976F98C26519C0C002904FD /* Main.storyboard */,
				B926B65A265996C70069B323 /* Launch Screen.storyboard */,
			);
			path = View;
			sourceTree = "<group>";
		};
		B926B666265A83F90069B323 /* Controller */ = {
			isa = PBXGroup;
			children = (
				B926B662265A3CDB0069B323 /* AppointmentsViewController.swift */,
				B976F98E26519F1F002904FD /* ViewCotroller.swift */,
			);
			path = Controller;
			sourceTree = "<group>";
		};
		B926B667265A84090069B323 /* Utils */ = {
			isa = PBXGroup;
			children = (
				B976F99026525B86002904FD /* Utils.swift */,
				B9A55CAD2653A1DF002B806A /* Actions.swift */,
				B926B668265A84430069B323 /* Districts.swift */,
				B926B66C265A8DE20069B323 /* Dosage.swift */,
				B926B66E265A8E880069B323 /* AgeLimit.swift */,
			);
			path = Utils;
			sourceTree = "<group>";
		};
		B98FB0DF265D6F0E0079CC6B /* Service */ = {
			isa = PBXGroup;
			children = (
				B98FB0DB265D69790079CC6B /* UserDefaultService.swift */,
				B98FB0DD265D6DB90079CC6B /* AppointmentService.swift */,
			);
			path = Service;
			sourceTree = "<group>";
		};
		B9ECCA9326518F7B00BCFECE = {
			isa = PBXGroup;
			children = (
				B9ECCA9E26518F7B00BCFECE /* NoCoWIN */,
				B9ECCA9D26518F7B00BCFECE /* Products */,
				912C9A0352D4F43AC30050DE /* Pods */,
				7A811F3FB5B8A21480AE3AE4 /* Frameworks */,
			);
			sourceTree = "<group>";
		};
		B9ECCA9D26518F7B00BCFECE /* Products */ = {
			isa = PBXGroup;
			children = (
				B9ECCA9C26518F7B00BCFECE /* NoCoWIN.app */,
			);
			name = Products;
			sourceTree = "<group>";
		};
		B9ECCA9E26518F7B00BCFECE /* NoCoWIN */ = {
			isa = PBXGroup;
			children = (
				B976F98426519895002904FD /* AppDelegate.swift */,
				B9ECCAA326518F7D00BCFECE /* Assets.xcassets */,
				B9ECCAA826518F7D00BCFECE /* Info.plist */,
				B926B65526598E8D0069B323 /* Model */,
				B926B664265A83E00069B323 /* Network */,
				B926B665265A83EF0069B323 /* View */,
				B926B666265A83F90069B323 /* Controller */,
				B926B667265A84090069B323 /* Utils */,
				B98FB0DF265D6F0E0079CC6B /* Service */,
				B98FB0E0265D6F310079CC6B /* AppointmentProcessor.swift */,
			);
			path = NoCoWIN;
			sourceTree = "<group>";
		};
/* End PBXGroup section */

/* Begin PBXNativeTarget section */
		B9ECCA9B26518F7B00BCFECE /* NoCoWIN */ = {
			isa = PBXNativeTarget;
			buildConfigurationList = B9ECCAAB26518F7D00BCFECE /* Build configuration list for PBXNativeTarget "NoCoWIN" */;
			buildPhases = (
				C18129D4F5544BB3859CF7F1 /* [CP] Check Pods Manifest.lock */,
				B9ECCA9826518F7B00BCFECE /* Sources */,
				B9ECCA9926518F7B00BCFECE /* Frameworks */,
				B9ECCA9A26518F7B00BCFECE /* Resources */,
				4A07A4E1740C4428776DCAE0 /* [CP] Embed Pods Frameworks */,
			);
			buildRules = (
			);
			dependencies = (
			);
			name = NoCoWIN;
			productName = NoCoWIN;
			productReference = B9ECCA9C26518F7B00BCFECE /* NoCoWIN.app */;
			productType = "com.apple.product-type.application";
		};
/* End PBXNativeTarget section */

/* Begin PBXProject section */
		B9ECCA9426518F7B00BCFECE /* Project object */ = {
			isa = PBXProject;
			attributes = {
				LastSwiftUpdateCheck = 1250;
				LastUpgradeCheck = 1250;
				TargetAttributes = {
					B9ECCA9B26518F7B00BCFECE = {
						CreatedOnToolsVersion = 12.5;
					};
				};
			};
			buildConfigurationList = B9ECCA9726518F7B00BCFECE /* Build configuration list for PBXProject "NoCoWIN" */;
			compatibilityVersion = "Xcode 9.3";
			developmentRegion = en;
			hasScannedForEncodings = 0;
			knownRegions = (
				en,
				Base,
			);
			mainGroup = B9ECCA9326518F7B00BCFECE;
			productRefGroup = B9ECCA9D26518F7B00BCFECE /* Products */;
			projectDirPath = "";
			projectRoot = "";
			targets = (
				B9ECCA9B26518F7B00BCFECE /* NoCoWIN */,
			);
		};
/* End PBXProject section */

/* Begin PBXResourcesBuildPhase section */
		B9ECCA9A26518F7B00BCFECE /* Resources */ = {
			isa = PBXResourcesBuildPhase;
			buildActionMask = 2147483647;
			files = (
				B926B65B265996C70069B323 /* Launch Screen.storyboard in Resources */,
				B9ECCAA426518F7D00BCFECE /* Assets.xcassets in Resources */,
				B976F98D26519C0C002904FD /* Main.storyboard in Resources */,
			);
			runOnlyForDeploymentPostprocessing = 0;
		};
/* End PBXResourcesBuildPhase section */

/* Begin PBXShellScriptBuildPhase section */
		4A07A4E1740C4428776DCAE0 /* [CP] Embed Pods Frameworks */ = {
			isa = PBXShellScriptBuildPhase;
			buildActionMask = 2147483647;
			files = (
			);
			inputFileListPaths = (
				"${PODS_ROOT}/Target Support Files/Pods-NoCoWIN/Pods-NoCoWIN-frameworks-${CONFIGURATION}-input-files.xcfilelist",
			);
			name = "[CP] Embed Pods Frameworks";
			outputFileListPaths = (
				"${PODS_ROOT}/Target Support Files/Pods-NoCoWIN/Pods-NoCoWIN-frameworks-${CONFIGURATION}-output-files.xcfilelist",
			);
			runOnlyForDeploymentPostprocessing = 0;
			shellPath = /bin/sh;
			shellScript = "\"${PODS_ROOT}/Target Support Files/Pods-NoCoWIN/Pods-NoCoWIN-frameworks.sh\"\n";
			showEnvVarsInLog = 0;
		};
		C18129D4F5544BB3859CF7F1 /* [CP] Check Pods Manifest.lock */ = {
			isa = PBXShellScriptBuildPhase;
			buildActionMask = 2147483647;
			files = (
			);
			inputFileListPaths = (
			);
			inputPaths = (
				"${PODS_PODFILE_DIR_PATH}/Podfile.lock",
				"${PODS_ROOT}/Manifest.lock",
			);
			name = "[CP] Check Pods Manifest.lock";
			outputFileListPaths = (
			);
			outputPaths = (
				"$(DERIVED_FILE_DIR)/Pods-NoCoWIN-checkManifestLockResult.txt",
			);
			runOnlyForDeploymentPostprocessing = 0;
			shellPath = /bin/sh;
			shellScript = "diff \"${PODS_PODFILE_DIR_PATH}/Podfile.lock\" \"${PODS_ROOT}/Manifest.lock\" > /dev/null\nif [ $? != 0 ] ; then\n    # print error to STDERR\n    echo \"error: The sandbox is not in sync with the Podfile.lock. Run 'pod install' or update your CocoaPods installation.\" >&2\n    exit 1\nfi\n# This output is used by Xcode 'outputs' to avoid re-running this script phase.\necho \"SUCCESS\" > \"${SCRIPT_OUTPUT_FILE_0}\"\n";
			showEnvVarsInLog = 0;
		};
/* End PBXShellScriptBuildPhase section */

/* Begin PBXSourcesBuildPhase section */
		B9ECCA9826518F7B00BCFECE /* Sources */ = {
			isa = PBXSourcesBuildPhase;
			buildActionMask = 2147483647;
			files = (
				B926B65D265A2AEE0069B323 /* Center.swift in Sources */,
				B98FB0DC265D69790079CC6B /* UserDefaultService.swift in Sources */,
				B926B66D265A8DE20069B323 /* Dosage.swift in Sources */,
				B98FB0DE265D6DB90079CC6B /* AppointmentService.swift in Sources */,
				B976F99126525B86002904FD /* Utils.swift in Sources */,
				B98FB0E1265D6F310079CC6B /* AppointmentProcessor.swift in Sources */,
				B926B65726598EEE0069B323 /* Token.swift in Sources */,
				B926B669265A84430069B323 /* Districts.swift in Sources */,
				B976F98526519895002904FD /* AppDelegate.swift in Sources */,
				B926B663265A3CDB0069B323 /* AppointmentsViewController.swift in Sources */,
				B9ECCAB12651905100BCFECE /* URLHelper.swift in Sources */,
				B9A55CAE2653A1DF002B806A /* Actions.swift in Sources */,
				B9ECCAAF26518FE600BCFECE /* NetworkHelper.swift in Sources */,
				B976F98F26519F1F002904FD /* ViewCotroller.swift in Sources */,
				B98FB0E3265D7F7A0079CC6B /* UDAppointmentFilter.swift in Sources */,
				B926B66F265A8E880069B323 /* AgeLimit.swift in Sources */,
				B926B65F265A2B190069B323 /* Session.swift in Sources */,
				B926B66B265A87250069B323 /* AppointmentFilter.swift in Sources */,
			);
			runOnlyForDeploymentPostprocessing = 0;
		};
/* End PBXSourcesBuildPhase section */

/* Begin XCBuildConfiguration section */
		B9ECCAA926518F7D00BCFECE /* Debug */ = {
			isa = XCBuildConfiguration;
			buildSettings = {
				ALWAYS_SEARCH_USER_PATHS = NO;
				CLANG_ANALYZER_NONNULL = YES;
				CLANG_ANALYZER_NUMBER_OBJECT_CONVERSION = YES_AGGRESSIVE;
				CLANG_CXX_LANGUAGE_STANDARD = "gnu++14";
				CLANG_CXX_LIBRARY = "libc++";
				CLANG_ENABLE_MODULES = YES;
				CLANG_ENABLE_OBJC_ARC = YES;
				CLANG_ENABLE_OBJC_WEAK = YES;
				CLANG_WARN_BLOCK_CAPTURE_AUTORELEASING = YES;
				CLANG_WARN_BOOL_CONVERSION = YES;
				CLANG_WARN_COMMA = YES;
				CLANG_WARN_CONSTANT_CONVERSION = YES;
				CLANG_WARN_DEPRECATED_OBJC_IMPLEMENTATIONS = YES;
				CLANG_WARN_DIRECT_OBJC_ISA_USAGE = YES_ERROR;
				CLANG_WARN_DOCUMENTATION_COMMENTS = YES;
				CLANG_WARN_EMPTY_BODY = YES;
				CLANG_WARN_ENUM_CONVERSION = YES;
				CLANG_WARN_INFINITE_RECURSION = YES;
				CLANG_WARN_INT_CONVERSION = YES;
				CLANG_WARN_NON_LITERAL_NULL_CONVERSION = YES;
				CLANG_WARN_OBJC_IMPLICIT_RETAIN_SELF = YES;
				CLANG_WARN_OBJC_LITERAL_CONVERSION = YES;
				CLANG_WARN_OBJC_ROOT_CLASS = YES_ERROR;
				CLANG_WARN_QUOTED_INCLUDE_IN_FRAMEWORK_HEADER = YES;
				CLANG_WARN_RANGE_LOOP_ANALYSIS = YES;
				CLANG_WARN_STRICT_PROTOTYPES = YES;
				CLANG_WARN_SUSPICIOUS_MOVE = YES;
				CLANG_WARN_UNGUARDED_AVAILABILITY = YES_AGGRESSIVE;
				CLANG_WARN_UNREACHABLE_CODE = YES;
				CLANG_WARN__DUPLICATE_METHOD_MATCH = YES;
				COPY_PHASE_STRIP = NO;
				DEBUG_INFORMATION_FORMAT = dwarf;
				ENABLE_STRICT_OBJC_MSGSEND = YES;
				ENABLE_TESTABILITY = YES;
				GCC_C_LANGUAGE_STANDARD = gnu11;
				GCC_DYNAMIC_NO_PIC = NO;
				GCC_NO_COMMON_BLOCKS = YES;
				GCC_OPTIMIZATION_LEVEL = 0;
				GCC_PREPROCESSOR_DEFINITIONS = (
					"DEBUG=1",
					"$(inherited)",
				);
				GCC_WARN_64_TO_32_BIT_CONVERSION = YES;
				GCC_WARN_ABOUT_RETURN_TYPE = YES_ERROR;
				GCC_WARN_UNDECLARED_SELECTOR = YES;
				GCC_WARN_UNINITIALIZED_AUTOS = YES_AGGRESSIVE;
				GCC_WARN_UNUSED_FUNCTION = YES;
				GCC_WARN_UNUSED_VARIABLE = YES;
				IPHONEOS_DEPLOYMENT_TARGET = 14.5;
				MTL_ENABLE_DEBUG_INFO = INCLUDE_SOURCE;
				MTL_FAST_MATH = YES;
				ONLY_ACTIVE_ARCH = YES;
				SDKROOT = iphoneos;
				SWIFT_ACTIVE_COMPILATION_CONDITIONS = DEBUG;
				SWIFT_OPTIMIZATION_LEVEL = "-Onone";
			};
			name = Debug;
		};
		B9ECCAAA26518F7D00BCFECE /* Release */ = {
			isa = XCBuildConfiguration;
			buildSettings = {
				ALWAYS_SEARCH_USER_PATHS = NO;
				CLANG_ANALYZER_NONNULL = YES;
				CLANG_ANALYZER_NUMBER_OBJECT_CONVERSION = YES_AGGRESSIVE;
				CLANG_CXX_LANGUAGE_STANDARD = "gnu++14";
				CLANG_CXX_LIBRARY = "libc++";
				CLANG_ENABLE_MODULES = YES;
				CLANG_ENABLE_OBJC_ARC = YES;
				CLANG_ENABLE_OBJC_WEAK = YES;
				CLANG_WARN_BLOCK_CAPTURE_AUTORELEASING = YES;
				CLANG_WARN_BOOL_CONVERSION = YES;
				CLANG_WARN_COMMA = YES;
				CLANG_WARN_CONSTANT_CONVERSION = YES;
				CLANG_WARN_DEPRECATED_OBJC_IMPLEMENTATIONS = YES;
				CLANG_WARN_DIRECT_OBJC_ISA_USAGE = YES_ERROR;
				CLANG_WARN_DOCUMENTATION_COMMENTS = YES;
				CLANG_WARN_EMPTY_BODY = YES;
				CLANG_WARN_ENUM_CONVERSION = YES;
				CLANG_WARN_INFINITE_RECURSION = YES;
				CLANG_WARN_INT_CONVERSION = YES;
				CLANG_WARN_NON_LITERAL_NULL_CONVERSION = YES;
				CLANG_WARN_OBJC_IMPLICIT_RETAIN_SELF = YES;
				CLANG_WARN_OBJC_LITERAL_CONVERSION = YES;
				CLANG_WARN_OBJC_ROOT_CLASS = YES_ERROR;
				CLANG_WARN_QUOTED_INCLUDE_IN_FRAMEWORK_HEADER = YES;
				CLANG_WARN_RANGE_LOOP_ANALYSIS = YES;
				CLANG_WARN_STRICT_PROTOTYPES = YES;
				CLANG_WARN_SUSPICIOUS_MOVE = YES;
				CLANG_WARN_UNGUARDED_AVAILABILITY = YES_AGGRESSIVE;
				CLANG_WARN_UNREACHABLE_CODE = YES;
				CLANG_WARN__DUPLICATE_METHOD_MATCH = YES;
				COPY_PHASE_STRIP = NO;
				DEBUG_INFORMATION_FORMAT = "dwarf-with-dsym";
				ENABLE_NS_ASSERTIONS = NO;
				ENABLE_STRICT_OBJC_MSGSEND = YES;
				GCC_C_LANGUAGE_STANDARD = gnu11;
				GCC_NO_COMMON_BLOCKS = YES;
				GCC_WARN_64_TO_32_BIT_CONVERSION = YES;
				GCC_WARN_ABOUT_RETURN_TYPE = YES_ERROR;
				GCC_WARN_UNDECLARED_SELECTOR = YES;
				GCC_WARN_UNINITIALIZED_AUTOS = YES_AGGRESSIVE;
				GCC_WARN_UNUSED_FUNCTION = YES;
				GCC_WARN_UNUSED_VARIABLE = YES;
				IPHONEOS_DEPLOYMENT_TARGET = 14.5;
				MTL_ENABLE_DEBUG_INFO = NO;
				MTL_FAST_MATH = YES;
				SDKROOT = iphoneos;
				SWIFT_COMPILATION_MODE = wholemodule;
				SWIFT_OPTIMIZATION_LEVEL = "-O";
				VALIDATE_PRODUCT = YES;
			};
			name = Release;
		};
		B9ECCAAC26518F7D00BCFECE /* Debug */ = {
			isa = XCBuildConfiguration;
			baseConfigurationReference = C6659A16A884EBE4258A18FB /* Pods-NoCoWIN.debug.xcconfig */;
			buildSettings = {
				ASSETCATALOG_COMPILER_APPICON_NAME = AppIcon;
				ASSETCATALOG_COMPILER_GLOBAL_ACCENT_COLOR_NAME = AccentColor;
				CODE_SIGN_STYLE = Automatic;
				DEVELOPMENT_ASSET_PATHS = "";
				DEVELOPMENT_TEAM = B77C5DHB6A;
				ENABLE_PREVIEWS = YES;
				INFOPLIST_FILE = NoCoWIN/Info.plist;
				IPHONEOS_DEPLOYMENT_TARGET = 12.1;
				LD_RUNPATH_SEARCH_PATHS = (
					"$(inherited)",
					"@executable_path/Frameworks",
				);
				PRODUCT_BUNDLE_IDENTIFIER = com.prateekpande.NoCoWIN;
				PRODUCT_NAME = "$(TARGET_NAME)";
				SWIFT_VERSION = 5.0;
				TARGETED_DEVICE_FAMILY = 1;
			};
			name = Debug;
		};
		B9ECCAAD26518F7D00BCFECE /* Release */ = {
			isa = XCBuildConfiguration;
			baseConfigurationReference = A58E2C462521DD8766DC95D3 /* Pods-NoCoWIN.release.xcconfig */;
			buildSettings = {
				ASSETCATALOG_COMPILER_APPICON_NAME = AppIcon;
				ASSETCATALOG_COMPILER_GLOBAL_ACCENT_COLOR_NAME = AccentColor;
				CODE_SIGN_STYLE = Automatic;
				DEVELOPMENT_ASSET_PATHS = "";
				DEVELOPMENT_TEAM = B77C5DHB6A;
				ENABLE_PREVIEWS = YES;
				INFOPLIST_FILE = NoCoWIN/Info.plist;
				IPHONEOS_DEPLOYMENT_TARGET = 12.1;
				LD_RUNPATH_SEARCH_PATHS = (
					"$(inherited)",
					"@executable_path/Frameworks",
				);
				PRODUCT_BUNDLE_IDENTIFIER = com.prateekpande.NoCoWIN;
				PRODUCT_NAME = "$(TARGET_NAME)";
				SWIFT_VERSION = 5.0;
				TARGETED_DEVICE_FAMILY = 1;
			};
			name = Release;
		};
/* End XCBuildConfiguration section */

/* Begin XCConfigurationList section */
		B9ECCA9726518F7B00BCFECE /* Build configuration list for PBXProject "NoCoWIN" */ = {
			isa = XCConfigurationList;
			buildConfigurations = (
				B9ECCAA926518F7D00BCFECE /* Debug */,
				B9ECCAAA26518F7D00BCFECE /* Release */,
			);
			defaultConfigurationIsVisible = 0;
			defaultConfigurationName = Release;
		};
		B9ECCAAB26518F7D00BCFECE /* Build configuration list for PBXNativeTarget "NoCoWIN" */ = {
			isa = XCConfigurationList;
			buildConfigurations = (
				B9ECCAAC26518F7D00BCFECE /* Debug */,
				B9ECCAAD26518F7D00BCFECE /* Release */,
			);
			defaultConfigurationIsVisible = 0;
			defaultConfigurationName = Release;
		};
/* End XCConfigurationList section */
	};
	rootObject = B9ECCA9426518F7B00BCFECE /* Project object */;
}
